# @generated by Move, please check-in and do not edit manually.

[move]
version = 3
manifest_digest = "63317FCA9EC676CB0F3FA85EE250F844431517DE68BB918927F751381F870D8A"
deps_digest = "3C4103934B1E040BB6B23F1D610B4EF9F2F1166A50A104EADCF77467C004C600"
dependencies = [
  { id = "MoveStdlib", name = "MoveStdlib" },
  { id = "Sui", name = "Sui" },
]

[[move.package]]
id = "MoveStdlib"
source = { git = "https://github.com/MystenLabs/sui.git", rev = "testnet", subdir = "crates\\sui-framework\\packages\\move-stdlib" }

[[move.package]]
id = "Sui"
source = { git = "https://github.com/MystenLabs/sui.git", rev = "testnet", subdir = "crates/sui-framework/packages/sui-framework" }

dependencies = [
  { id = "MoveStdlib", name = "MoveStdlib" },
]

[move.toolchain-version]
compiler-version = "1.51.1"
edition = "2024.beta"
flavor = "sui"

[env]

[env.testnet]
chain-id = "4c78adac"
original-published-id = "0x235af9d330fa04133b5435844910a7fad5dd5b389a7a8a3c089cf1a20001bec5"
latest-published-id = "0x235af9d330fa04133b5435844910a7fad5dd5b389a7a8a3c089cf1a20001bec5"
published-version = "1"
